// !$*UTF8*$!
{
	archiveVersion = 1;
	classes = {
	};
	objectVersion = 46;
	objects = {

/* Begin PBXBuildFile section */
		071117C618C8BE370063AB19 /* Localizable.strings in Resources */ = {isa = PBXBuildFile; fileRef = 071117C418C8BE370063AB19 /* Localizable.strings */; };
		07C6B01A18C1C29A009DC65A /* Foundation.framework in Frameworks */ = {isa = PBXBuildFile; fileRef = 07C6B01918C1C29A009DC65A /* Foundation.framework */; };
		07C6B01C18C1C29A009DC65A /* CoreGraphics.framework in Frameworks */ = {isa = PBXBuildFile; fileRef = 07C6B01B18C1C29A009DC65A /* CoreGraphics.framework */; };
		07C6B01E18C1C29A009DC65A /* UIKit.framework in Frameworks */ = {isa = PBXBuildFile; fileRef = 07C6B01D18C1C29A009DC65A /* UIKit.framework */; };
		07C6B02418C1C29A009DC65A /* InfoPlist.strings in Resources */ = {isa = PBXBuildFile; fileRef = 07C6B02218C1C29A009DC65A /* InfoPlist.strings */; };
		07C6B02618C1C29A009DC65A /* main.m in Sources */ = {isa = PBXBuildFile; fileRef = 07C6B02518C1C29A009DC65A /* main.m */; };
		07C6B02A18C1C29A009DC65A /* URAppDelegate.m in Sources */ = {isa = PBXBuildFile; fileRef = 07C6B02918C1C29A009DC65A /* URAppDelegate.m */; };
		07C6B02D18C1C29A009DC65A /* Main_iPhone.storyboard in Resources */ = {isa = PBXBuildFile; fileRef = 07C6B02B18C1C29A009DC65A /* Main_iPhone.storyboard */; };
		07C6B03018C1C29A009DC65A /* Main_iPad.storyboard in Resources */ = {isa = PBXBuildFile; fileRef = 07C6B02E18C1C29A009DC65A /* Main_iPad.storyboard */; };
		07C6B03318C1C29A009DC65A /* URMainViewController.m in Sources */ = {isa = PBXBuildFile; fileRef = 07C6B03218C1C29A009DC65A /* URMainViewController.m */; };
		07C6B03518C1C29A009DC65A /* Images.xcassets in Resources */ = {isa = PBXBuildFile; fileRef = 07C6B03418C1C29A009DC65A /* Images.xcassets */; };
		07C6B03C18C1C29A009DC65A /* XCTest.framework in Frameworks */ = {isa = PBXBuildFile; fileRef = 07C6B03B18C1C29A009DC65A /* XCTest.framework */; };
		07C6B03D18C1C29A009DC65A /* Foundation.framework in Frameworks */ = {isa = PBXBuildFile; fileRef = 07C6B01918C1C29A009DC65A /* Foundation.framework */; };
		07C6B03E18C1C29A009DC65A /* UIKit.framework in Frameworks */ = {isa = PBXBuildFile; fileRef = 07C6B01D18C1C29A009DC65A /* UIKit.framework */; };
		07C6B04618C1C29A009DC65A /* InfoPlist.strings in Resources */ = {isa = PBXBuildFile; fileRef = 07C6B04418C1C29A009DC65A /* InfoPlist.strings */; };
		07C6B04818C1C29A009DC65A /* UndercoverTests.m in Sources */ = {isa = PBXBuildFile; fileRef = 07C6B04718C1C29A009DC65A /* UndercoverTests.m */; };
		07C6B05518C1C909009DC65A /* MKSync.m in Sources */ = {isa = PBXBuildFile; fileRef = 07C6B05418C1C909009DC65A /* MKSync.m */; };
		07C6B05918C1D235009DC65A /* NSString+HasText.m in Sources */ = {isa = PBXBuildFile; fileRef = 07C6B05818C1D235009DC65A /* NSString+HasText.m */; };
		07C6B05C18C1D956009DC65A /* URHostViewController.m in Sources */ = {isa = PBXBuildFile; fileRef = 07C6B05B18C1D956009DC65A /* URHostViewController.m */; };
		07C6B05E18C1DC0F009DC65A /* MultipeerConnectivity.framework in Frameworks */ = {isa = PBXBuildFile; fileRef = 07C6B05D18C1DC0F009DC65A /* MultipeerConnectivity.framework */; };
		07C6B06118C21874009DC65A /* URPlayer.m in Sources */ = {isa = PBXBuildFile; fileRef = 07C6B06018C21874009DC65A /* URPlayer.m */; };
		07C6B06418C2294F009DC65A /* URAgentViewController.m in Sources */ = {isa = PBXBuildFile; fileRef = 07C6B06318C2294F009DC65A /* URAgentViewController.m */; };
		07C6B06718C22CD5009DC65A /* URConnectViewController.m in Sources */ = {isa = PBXBuildFile; fileRef = 07C6B06618C22CD5009DC65A /* URConnectViewController.m */; };
		07FDEEA918C3481A00D10ADB /* WordsDictionary.plist in Resources */ = {isa = PBXBuildFile; fileRef = 07FDEEAB18C3481A00D10ADB /* WordsDictionary.plist */; };
/* End PBXBuildFile section */

/* Begin PBXContainerItemProxy section */
		07C6B03F18C1C29A009DC65A /* PBXContainerItemProxy */ = {
			isa = PBXContainerItemProxy;
			containerPortal = 07C6B00E18C1C29A009DC65A /* Project object */;
			proxyType = 1;
			remoteGlobalIDString = 07C6B01518C1C29A009DC65A;
			remoteInfo = Undercover;
		};
/* End PBXContainerItemProxy section */

/* Begin PBXFileReference section */
		071117C218C8BA360063AB19 /* en */ = {isa = PBXFileReference; lastKnownFileType = text.plist.strings; name = en; path = en.lproj/Main_iPad.strings; sourceTree = "<group>"; };
		071117C318C8BA3B0063AB19 /* zh-Hans */ = {isa = PBXFileReference; lastKnownFileType = text.plist.strings; name = "zh-Hans"; path = "zh-Hans.lproj/Main_iPad.strings"; sourceTree = "<group>"; };
		071117C518C8BE370063AB19 /* zh-Hans */ = {isa = PBXFileReference; lastKnownFileType = text.plist.strings; name = "zh-Hans"; path = "zh-Hans.lproj/Localizable.strings"; sourceTree = "<group>"; };
		071117C718C8BE3B0063AB19 /* en */ = {isa = PBXFileReference; lastKnownFileType = text.plist.strings; name = en; path = en.lproj/Localizable.strings; sourceTree = "<group>"; };
		071117C818C8BE3C0063AB19 /* Base */ = {isa = PBXFileReference; lastKnownFileType = text.plist.strings; name = Base; path = Base.lproj/Localizable.strings; sourceTree = "<group>"; };
		079B9CEC1903B03C0060440B /* README.md */ = {isa = PBXFileReference; lastKnownFileType = text; path = README.md; sourceTree = SOURCE_ROOT; };
		07C6B01618C1C29A009DC65A /* Undercover.app */ = {isa = PBXFileReference; explicitFileType = wrapper.application; includeInIndex = 0; path = Undercover.app; sourceTree = BUILT_PRODUCTS_DIR; };
		07C6B01918C1C29A009DC65A /* Foundation.framework */ = {isa = PBXFileReference; lastKnownFileType = wrapper.framework; name = Foundation.framework; path = System/Library/Frameworks/Foundation.framework; sourceTree = SDKROOT; };
		07C6B01B18C1C29A009DC65A /* CoreGraphics.framework */ = {isa = PBXFileReference; lastKnownFileType = wrapper.framework; name = CoreGraphics.framework; path = System/Library/Frameworks/CoreGraphics.framework; sourceTree = SDKROOT; };
		07C6B01D18C1C29A009DC65A /* UIKit.framework */ = {isa = PBXFileReference; lastKnownFileType = wrapper.framework; name = UIKit.framework; path = System/Library/Frameworks/UIKit.framework; sourceTree = SDKROOT; };
		07C6B02118C1C29A009DC65A /* Undercover-Info.plist */ = {isa = PBXFileReference; lastKnownFileType = text.plist.xml; path = "Undercover-Info.plist"; sourceTree = "<group>"; };
		07C6B02518C1C29A009DC65A /* main.m */ = {isa = PBXFileReference; lastKnownFileType = sourcecode.c.objc; path = main.m; sourceTree = "<group>"; };
		07C6B02718C1C29A009DC65A /* Undercover-Prefix.pch */ = {isa = PBXFileReference; lastKnownFileType = sourcecode.c.h; path = "Undercover-Prefix.pch"; sourceTree = "<group>"; };
		07C6B02818C1C29A009DC65A /* URAppDelegate.h */ = {isa = PBXFileReference; lastKnownFileType = sourcecode.c.h; path = URAppDelegate.h; sourceTree = "<group>"; };
		07C6B02918C1C29A009DC65A /* URAppDelegate.m */ = {isa = PBXFileReference; lastKnownFileType = sourcecode.c.objc; path = URAppDelegate.m; sourceTree = "<group>"; };
		07C6B02C18C1C29A009DC65A /* Base */ = {isa = PBXFileReference; lastKnownFileType = file.storyboard; name = Base; path = Base.lproj/Main_iPhone.storyboard; sourceTree = "<group>"; };
		07C6B02F18C1C29A009DC65A /* Base */ = {isa = PBXFileReference; lastKnownFileType = file.storyboard; name = Base; path = Base.lproj/Main_iPad.storyboard; sourceTree = "<group>"; };
		07C6B03118C1C29A009DC65A /* URMainViewController.h */ = {isa = PBXFileReference; fileEncoding = 4; lastKnownFileType = sourcecode.c.h; path = URMainViewController.h; sourceTree = "<group>"; };
		07C6B03218C1C29A009DC65A /* URMainViewController.m */ = {isa = PBXFileReference; lastKnownFileType = sourcecode.c.objc; path = URMainViewController.m; sourceTree = "<group>"; };
		07C6B03418C1C29A009DC65A /* Images.xcassets */ = {isa = PBXFileReference; lastKnownFileType = folder.assetcatalog; path = Images.xcassets; sourceTree = "<group>"; };
		07C6B03A18C1C29A009DC65A /* UndercoverTests.xctest */ = {isa = PBXFileReference; explicitFileType = wrapper.cfbundle; includeInIndex = 0; path = UndercoverTests.xctest; sourceTree = BUILT_PRODUCTS_DIR; };
		07C6B03B18C1C29A009DC65A /* XCTest.framework */ = {isa = PBXFileReference; lastKnownFileType = wrapper.framework; name = XCTest.framework; path = Library/Frameworks/XCTest.framework; sourceTree = DEVELOPER_DIR; };
		07C6B04318C1C29A009DC65A /* UndercoverTests-Info.plist */ = {isa = PBXFileReference; lastKnownFileType = text.plist.xml; path = "UndercoverTests-Info.plist"; sourceTree = "<group>"; };
		07C6B04718C1C29A009DC65A /* UndercoverTests.m */ = {isa = PBXFileReference; lastKnownFileType = sourcecode.c.objc; path = UndercoverTests.m; sourceTree = "<group>"; };
		07C6B05118C1C487009DC65A /* URConstants.h */ = {isa = PBXFileReference; fileEncoding = 4; lastKnownFileType = sourcecode.c.h; path = URConstants.h; sourceTree = "<group>"; };
		07C6B05218C1C54E009DC65A /* Undercover.entitlements */ = {isa = PBXFileReference; lastKnownFileType = text.xml; path = Undercover.entitlements; sourceTree = "<group>"; };
		07C6B05318C1C909009DC65A /* MKSync.h */ = {isa = PBXFileReference; fileEncoding = 4; lastKnownFileType = sourcecode.c.h; path = MKSync.h; sourceTree = "<group>"; };
		07C6B05418C1C909009DC65A /* MKSync.m */ = {isa = PBXFileReference; fileEncoding = 4; lastKnownFileType = sourcecode.c.objc; path = MKSync.m; sourceTree = "<group>"; };
		07C6B05718C1D235009DC65A /* NSString+HasText.h */ = {isa = PBXFileReference; fileEncoding = 4; lastKnownFileType = sourcecode.c.h; path = "NSString+HasText.h"; sourceTree = "<group>"; };
		07C6B05818C1D235009DC65A /* NSString+HasText.m */ = {isa = PBXFileReference; fileEncoding = 4; lastKnownFileType = sourcecode.c.objc; path = "NSString+HasText.m"; sourceTree = "<group>"; };
		07C6B05A18C1D956009DC65A /* URHostViewController.h */ = {isa = PBXFileReference; fileEncoding = 4; lastKnownFileType = sourcecode.c.h; path = URHostViewController.h; sourceTree = "<group>"; };
		07C6B05B18C1D956009DC65A /* URHostViewController.m */ = {isa = PBXFileReference; fileEncoding = 4; lastKnownFileType = sourcecode.c.objc; path = URHostViewController.m; sourceTree = "<group>"; };
		07C6B05D18C1DC0F009DC65A /* MultipeerConnectivity.framework */ = {isa = PBXFileReference; lastKnownFileType = wrapper.framework; name = MultipeerConnectivity.framework; path = System/Library/Frameworks/MultipeerConnectivity.framework; sourceTree = SDKROOT; };
		07C6B05F18C21874009DC65A /* URPlayer.h */ = {isa = PBXFileReference; fileEncoding = 4; lastKnownFileType = sourcecode.c.h; path = URPlayer.h; sourceTree = "<group>"; };
		07C6B06018C21874009DC65A /* URPlayer.m */ = {isa = PBXFileReference; fileEncoding = 4; lastKnownFileType = sourcecode.c.objc; path = URPlayer.m; sourceTree = "<group>"; };
		07C6B06218C2294F009DC65A /* URAgentViewController.h */ = {isa = PBXFileReference; fileEncoding = 4; lastKnownFileType = sourcecode.c.h; path = URAgentViewController.h; sourceTree = "<group>"; };
		07C6B06318C2294F009DC65A /* URAgentViewController.m */ = {isa = PBXFileReference; fileEncoding = 4; lastKnownFileType = sourcecode.c.objc; path = URAgentViewController.m; sourceTree = "<group>"; };
		07C6B06518C22CD5009DC65A /* URConnectViewController.h */ = {isa = PBXFileReference; fileEncoding = 4; lastKnownFileType = sourcecode.c.h; path = URConnectViewController.h; sourceTree = "<group>"; };
		07C6B06618C22CD5009DC65A /* URConnectViewController.m */ = {isa = PBXFileReference; fileEncoding = 4; lastKnownFileType = sourcecode.c.objc; path = URConnectViewController.m; sourceTree = "<group>"; };
		07DA5D7D18C8B8C2001C24B0 /* en */ = {isa = PBXFileReference; lastKnownFileType = text.plist.strings; name = en; path = en.lproj/Main_iPhone.strings; sourceTree = "<group>"; };
		07DA5D7E18C8B8CB001C24B0 /* zh-Hans */ = {isa = PBXFileReference; lastKnownFileType = text.plist.strings; name = "zh-Hans"; path = "zh-Hans.lproj/Main_iPhone.strings"; sourceTree = "<group>"; };
		07EE011818C356FF00699CA5 /* en */ = {isa = PBXFileReference; lastKnownFileType = text.plist.strings; name = en; path = en.lproj/InfoPlist.strings; sourceTree = "<group>"; };
		07EE011918C356FF00699CA5 /* en */ = {isa = PBXFileReference; lastKnownFileType = text.plist.xml; name = en; path = en.lproj/WordsDictionary.plist; sourceTree = "<group>"; };
		07EE011C18C356FF00699CA5 /* en */ = {isa = PBXFileReference; lastKnownFileType = text.plist.strings; name = en; path = en.lproj/InfoPlist.strings; sourceTree = "<group>"; };
		07EE011F18C3570500699CA5 /* zh-Hans */ = {isa = PBXFileReference; lastKnownFileType = text.plist.strings; name = "zh-Hans"; path = "zh-Hans.lproj/InfoPlist.strings"; sourceTree = "<group>"; };
		07EE012018C3570500699CA5 /* zh-Hans */ = {isa = PBXFileReference; lastKnownFileType = text.plist.xml; name = "zh-Hans"; path = "zh-Hans.lproj/WordsDictionary.plist"; sourceTree = "<group>"; };
		07EE012118C3570500699CA5 /* zh-Hans */ = {isa = PBXFileReference; lastKnownFileType = text.plist.strings; name = "zh-Hans"; path = "zh-Hans.lproj/InfoPlist.strings"; sourceTree = "<group>"; };
		07FDEEAA18C3481A00D10ADB /* Base */ = {isa = PBXFileReference; lastKnownFileType = text.plist.xml; name = Base; path = Base.lproj/WordsDictionary.plist; sourceTree = "<group>"; };
		07FDEEB218C3485200D10ADB /* Base */ = {isa = PBXFileReference; lastKnownFileType = text.plist.strings; name = Base; path = Base.lproj/InfoPlist.strings; sourceTree = "<group>"; };
		07FDEEB318C3487800D10ADB /* Base */ = {isa = PBXFileReference; lastKnownFileType = text.plist.strings; name = Base; path = Base.lproj/InfoPlist.strings; sourceTree = "<group>"; };
		07FDEEB818C34D5800D10ADB /* iTunesArtwork */ = {isa = PBXFileReference; lastKnownFileType = file; path = iTunesArtwork; sourceTree = "<group>"; };
		07FDEEB918C34D5800D10ADB /* iTunesArtwork@2x */ = {isa = PBXFileReference; lastKnownFileType = file; path = "iTunesArtwork@2x"; sourceTree = "<group>"; };
/* End PBXFileReference section */

/* Begin PBXFrameworksBuildPhase section */
		07C6B01318C1C29A009DC65A /* Frameworks */ = {
			isa = PBXFrameworksBuildPhase;
			buildActionMask = 2147483647;
			files = (
				07C6B05E18C1DC0F009DC65A /* MultipeerConnectivity.framework in Frameworks */,
				07C6B01C18C1C29A009DC65A /* CoreGraphics.framework in Frameworks */,
				07C6B01E18C1C29A009DC65A /* UIKit.framework in Frameworks */,
				07C6B01A18C1C29A009DC65A /* Foundation.framework in Frameworks */,
			);
			runOnlyForDeploymentPostprocessing = 0;
		};
		07C6B03718C1C29A009DC65A /* Frameworks */ = {
			isa = PBXFrameworksBuildPhase;
			buildActionMask = 2147483647;
			files = (
				07C6B03C18C1C29A009DC65A /* XCTest.framework in Frameworks */,
				07C6B03E18C1C29A009DC65A /* UIKit.framework in Frameworks */,
				07C6B03D18C1C29A009DC65A /* Foundation.framework in Frameworks */,
			);
			runOnlyForDeploymentPostprocessing = 0;
		};
/* End PBXFrameworksBuildPhase section */

/* Begin PBXGroup section */
		07C6B00D18C1C29A009DC65A = {
			isa = PBXGroup;
			children = (
				07C6B01F18C1C29A009DC65A /* Undercover */,
				07C6B04118C1C29A009DC65A /* UndercoverTests */,
				07C6B01818C1C29A009DC65A /* Frameworks */,
				07C6B01718C1C29A009DC65A /* Products */,
			);
			sourceTree = "<group>";
		};
		07C6B01718C1C29A009DC65A /* Products */ = {
			isa = PBXGroup;
			children = (
				07C6B01618C1C29A009DC65A /* Undercover.app */,
				07C6B03A18C1C29A009DC65A /* UndercoverTests.xctest */,
			);
			name = Products;
			sourceTree = "<group>";
		};
		07C6B01818C1C29A009DC65A /* Frameworks */ = {
			isa = PBXGroup;
			children = (
				07C6B05D18C1DC0F009DC65A /* MultipeerConnectivity.framework */,
				07C6B01918C1C29A009DC65A /* Foundation.framework */,
				07C6B01B18C1C29A009DC65A /* CoreGraphics.framework */,
				07C6B01D18C1C29A009DC65A /* UIKit.framework */,
				07C6B03B18C1C29A009DC65A /* XCTest.framework */,
			);
			name = Frameworks;
			sourceTree = "<group>";
		};
		07C6B01F18C1C29A009DC65A /* Undercover */ = {
			isa = PBXGroup;
			children = (
				07C6B02818C1C29A009DC65A /* URAppDelegate.h */,
				07C6B02918C1C29A009DC65A /* URAppDelegate.m */,
				07C6B02B18C1C29A009DC65A /* Main_iPhone.storyboard */,
				07C6B02E18C1C29A009DC65A /* Main_iPad.storyboard */,
				07C6B03118C1C29A009DC65A /* URMainViewController.h */,
				07C6B03218C1C29A009DC65A /* URMainViewController.m */,
				07C6B05A18C1D956009DC65A /* URHostViewController.h */,
				07C6B05B18C1D956009DC65A /* URHostViewController.m */,
				07C6B06218C2294F009DC65A /* URAgentViewController.h */,
				07C6B06318C2294F009DC65A /* URAgentViewController.m */,
				07C6B06518C22CD5009DC65A /* URConnectViewController.h */,
				07C6B06618C22CD5009DC65A /* URConnectViewController.m */,
				07C6B05F18C21874009DC65A /* URPlayer.h */,
				07C6B06018C21874009DC65A /* URPlayer.m */,
				07C6B05618C1CCED009DC65A /* Sypporting Code */,
				07C6B02018C1C29A009DC65A /* Supporting Files */,
			);
			path = Undercover;
			sourceTree = "<group>";
		};
		07C6B02018C1C29A009DC65A /* Supporting Files */ = {
			isa = PBXGroup;
			children = (
				071117C418C8BE370063AB19 /* Localizable.strings */,
				07C6B02118C1C29A009DC65A /* Undercover-Info.plist */,
				07C6B03418C1C29A009DC65A /* Images.xcassets */,
				07C6B02218C1C29A009DC65A /* InfoPlist.strings */,
				07FDEEAB18C3481A00D10ADB /* WordsDictionary.plist */,
				07C6B02518C1C29A009DC65A /* main.m */,
				07C6B05218C1C54E009DC65A /* Undercover.entitlements */,
				07C6B02718C1C29A009DC65A /* Undercover-Prefix.pch */,
				07FDEEB818C34D5800D10ADB /* iTunesArtwork */,
				07FDEEB918C34D5800D10ADB /* iTunesArtwork@2x */,
				079B9CEC1903B03C0060440B /* README.md */,
			);
			name = "Supporting Files";
			sourceTree = "<group>";
		};
		07C6B04118C1C29A009DC65A /* UndercoverTests */ = {
			isa = PBXGroup;
			children = (
				07C6B04718C1C29A009DC65A /* UndercoverTests.m */,
				07C6B04218C1C29A009DC65A /* Supporting Files */,
			);
			path = UndercoverTests;
			sourceTree = "<group>";
		};
		07C6B04218C1C29A009DC65A /* Supporting Files */ = {
			isa = PBXGroup;
			children = (
				07C6B04318C1C29A009DC65A /* UndercoverTests-Info.plist */,
				07C6B04418C1C29A009DC65A /* InfoPlist.strings */,
			);
			name = "Supporting Files";
			sourceTree = "<group>";
		};
		07C6B05618C1CCED009DC65A /* Sypporting Code */ = {
			isa = PBXGroup;
			children = (
				07C6B05318C1C909009DC65A /* MKSync.h */,
				07C6B05418C1C909009DC65A /* MKSync.m */,
				07C6B05718C1D235009DC65A /* NSString+HasText.h */,
				07C6B05818C1D235009DC65A /* NSString+HasText.m */,
				07C6B05118C1C487009DC65A /* URConstants.h */,
			);
			name = "Sypporting Code";
			sourceTree = "<group>";
		};
/* End PBXGroup section */

/* Begin PBXNativeTarget section */
		07C6B01518C1C29A009DC65A /* Undercover */ = {
			isa = PBXNativeTarget;
			buildConfigurationList = 07C6B04B18C1C29A009DC65A /* Build configuration list for PBXNativeTarget "Undercover" */;
			buildPhases = (
				07C6B01218C1C29A009DC65A /* Sources */,
				07C6B01318C1C29A009DC65A /* Frameworks */,
				07C6B01418C1C29A009DC65A /* Resources */,
			);
			buildRules = (
			);
			dependencies = (
			);
			name = Undercover;
			productName = Undercover;
			productReference = 07C6B01618C1C29A009DC65A /* Undercover.app */;
			productType = "com.apple.product-type.application";
		};
		07C6B03918C1C29A009DC65A /* UndercoverTests */ = {
			isa = PBXNativeTarget;
			buildConfigurationList = 07C6B04E18C1C29A009DC65A /* Build configuration list for PBXNativeTarget "UndercoverTests" */;
			buildPhases = (
				07C6B03618C1C29A009DC65A /* Sources */,
				07C6B03718C1C29A009DC65A /* Frameworks */,
				07C6B03818C1C29A009DC65A /* Resources */,
			);
			buildRules = (
			);
			dependencies = (
				07C6B04018C1C29A009DC65A /* PBXTargetDependency */,
			);
			name = UndercoverTests;
			productName = UndercoverTests;
			productReference = 07C6B03A18C1C29A009DC65A /* UndercoverTests.xctest */;
			productType = "com.apple.product-type.bundle.unit-test";
		};
/* End PBXNativeTarget section */

/* Begin PBXProject section */
		07C6B00E18C1C29A009DC65A /* Project object */ = {
			isa = PBXProject;
			attributes = {
				CLASSPREFIX = UR;
				LastUpgradeCheck = 0510;
				ORGANIZATIONNAME = Jacinth;
				TargetAttributes = {
					07C6B01518C1C29A009DC65A = {
						DevelopmentTeam = 7T3TPJYB73;
						SystemCapabilities = {
							com.apple.GameCenter = {
								enabled = 0;
							};
							com.apple.InAppPurchase = {
								enabled = 0;
							};
							com.apple.iCloud = {
								enabled = 1;
							};
						};
					};
					07C6B03918C1C29A009DC65A = {
						TestTargetID = 07C6B01518C1C29A009DC65A;
					};
				};
			};
			buildConfigurationList = 07C6B01118C1C29A009DC65A /* Build configuration list for PBXProject "Undercover" */;
			compatibilityVersion = "Xcode 3.2";
			developmentRegion = English;
			hasScannedForEncodings = 0;
			knownRegions = (
				en,
				Base,
				"zh-Hans",
			);
			mainGroup = 07C6B00D18C1C29A009DC65A;
			productRefGroup = 07C6B01718C1C29A009DC65A /* Products */;
			projectDirPath = "";
			projectRoot = "";
			targets = (
				07C6B01518C1C29A009DC65A /* Undercover */,
				07C6B03918C1C29A009DC65A /* UndercoverTests */,
			);
		};
/* End PBXProject section */

/* Begin PBXResourcesBuildPhase section */
		07C6B01418C1C29A009DC65A /* Resources */ = {
			isa = PBXResourcesBuildPhase;
			buildActionMask = 2147483647;
			files = (
				07C6B03018C1C29A009DC65A /* Main_iPad.storyboard in Resources */,
				071117C618C8BE370063AB19 /* Localizable.strings in Resources */,
				07C6B03518C1C29A009DC65A /* Images.xcassets in Resources */,
				07C6B02D18C1C29A009DC65A /* Main_iPhone.storyboard in Resources */,
				07FDEEA918C3481A00D10ADB /* WordsDictionary.plist in Resources */,
				07C6B02418C1C29A009DC65A /* InfoPlist.strings in Resources */,
			);
			runOnlyForDeploymentPostprocessing = 0;
		};
		07C6B03818C1C29A009DC65A /* Resources */ = {
			isa = PBXResourcesBuildPhase;
			buildActionMask = 2147483647;
			files = (
				07C6B04618C1C29A009DC65A /* InfoPlist.strings in Resources */,
			);
			runOnlyForDeploymentPostprocessing = 0;
		};
/* End PBXResourcesBuildPhase section */

/* Begin PBXSourcesBuildPhase section */
		07C6B01218C1C29A009DC65A /* Sources */ = {
			isa = PBXSourcesBuildPhase;
			buildActionMask = 2147483647;
			files = (
				07C6B05918C1D235009DC65A /* NSString+HasText.m in Sources */,
				07C6B02618C1C29A009DC65A /* main.m in Sources */,
				07C6B05C18C1D956009DC65A /* URHostViewController.m in Sources */,
				07C6B03318C1C29A009DC65A /* URMainViewController.m in Sources */,
				07C6B05518C1C909009DC65A /* MKSync.m in Sources */,
				07C6B06118C21874009DC65A /* URPlayer.m in Sources */,
				07C6B02A18C1C29A009DC65A /* URAppDelegate.m in Sources */,
				07C6B06418C2294F009DC65A /* URAgentViewController.m in Sources */,
				07C6B06718C22CD5009DC65A /* URConnectViewController.m in Sources */,
			);
			runOnlyForDeploymentPostprocessing = 0;
		};
		07C6B03618C1C29A009DC65A /* Sources */ = {
			isa = PBXSourcesBuildPhase;
			buildActionMask = 2147483647;
			files = (
				07C6B04818C1C29A009DC65A /* UndercoverTests.m in Sources */,
			);
			runOnlyForDeploymentPostprocessing = 0;
		};
/* End PBXSourcesBuildPhase section */

/* Begin PBXTargetDependency section */
		07C6B04018C1C29A009DC65A /* PBXTargetDependency */ = {
			isa = PBXTargetDependency;
			target = 07C6B01518C1C29A009DC65A /* Undercover */;
			targetProxy = 07C6B03F18C1C29A009DC65A /* PBXContainerItemProxy */;
		};
/* End PBXTargetDependency section */

/* Begin PBXVariantGroup section */
		071117C418C8BE370063AB19 /* Localizable.strings */ = {
			isa = PBXVariantGroup;
			children = (
				071117C518C8BE370063AB19 /* zh-Hans */,
				071117C718C8BE3B0063AB19 /* en */,
				071117C818C8BE3C0063AB19 /* Base */,
			);
			name = Localizable.strings;
			sourceTree = "<group>";
		};
		07C6B02218C1C29A009DC65A /* InfoPlist.strings */ = {
			isa = PBXVariantGroup;
			children = (
				07FDEEB218C3485200D10ADB /* Base */,
				07EE011818C356FF00699CA5 /* en */,
				07EE011F18C3570500699CA5 /* zh-Hans */,
			);
			name = InfoPlist.strings;
			sourceTree = "<group>";
		};
		07C6B02B18C1C29A009DC65A /* Main_iPhone.storyboard */ = {
			isa = PBXVariantGroup;
			children = (
				07C6B02C18C1C29A009DC65A /* Base */,
				07DA5D7D18C8B8C2001C24B0 /* en */,
				07DA5D7E18C8B8CB001C24B0 /* zh-Hans */,
			);
			name = Main_iPhone.storyboard;
			sourceTree = "<group>";
		};
		07C6B02E18C1C29A009DC65A /* Main_iPad.storyboard */ = {
			isa = PBXVariantGroup;
			children = (
				07C6B02F18C1C29A009DC65A /* Base */,
				071117C218C8BA360063AB19 /* en */,
				071117C318C8BA3B0063AB19 /* zh-Hans */,
			);
			name = Main_iPad.storyboard;
			sourceTree = "<group>";
		};
		07C6B04418C1C29A009DC65A /* InfoPlist.strings */ = {
			isa = PBXVariantGroup;
			children = (
				07FDEEB318C3487800D10ADB /* Base */,
				07EE011C18C356FF00699CA5 /* en */,
				07EE012118C3570500699CA5 /* zh-Hans */,
			);
			name = InfoPlist.strings;
			sourceTree = "<group>";
		};
		07FDEEAB18C3481A00D10ADB /* WordsDictionary.plist */ = {
			isa = PBXVariantGroup;
			children = (
				07FDEEAA18C3481A00D10ADB /* Base */,
				07EE011918C356FF00699CA5 /* en */,
				07EE012018C3570500699CA5 /* zh-Hans */,
			);
			name = WordsDictionary.plist;
			sourceTree = "<group>";
		};
/* End PBXVariantGroup section */

/* Begin XCBuildConfiguration section */
		07C6B04918C1C29A009DC65A /* Debug */ = {
			isa = XCBuildConfiguration;
			buildSettings = {
				ALWAYS_SEARCH_USER_PATHS = NO;
				CLANG_CXX_LANGUAGE_STANDARD = "gnu++0x";
				CLANG_CXX_LIBRARY = "libc++";
				CLANG_ENABLE_MODULES = YES;
				CLANG_ENABLE_OBJC_ARC = YES;
				CLANG_WARN_BOOL_CONVERSION = YES;
				CLANG_WARN_CONSTANT_CONVERSION = YES;
				CLANG_WARN_DIRECT_OBJC_ISA_USAGE = YES_ERROR;
				CLANG_WARN_EMPTY_BODY = YES;
				CLANG_WARN_ENUM_CONVERSION = YES;
				CLANG_WARN_INT_CONVERSION = YES;
				CLANG_WARN_OBJC_ROOT_CLASS = YES_ERROR;
				CLANG_WARN__DUPLICATE_METHOD_MATCH = YES;
				"CODE_SIGN_IDENTITY[sdk=iphoneos*]" = "iPhone Developer";
				COPY_PHASE_STRIP = NO;
				GCC_C_LANGUAGE_STANDARD = gnu99;
				GCC_DYNAMIC_NO_PIC = NO;
				GCC_OPTIMIZATION_LEVEL = 0;
				GCC_PREPROCESSOR_DEFINITIONS = (
					"DEBUG=1",
					"$(inherited)",
				);
				GCC_SYMBOLS_PRIVATE_EXTERN = NO;
				GCC_WARN_64_TO_32_BIT_CONVERSION = YES;
				GCC_WARN_ABOUT_RETURN_TYPE = YES_ERROR;
				GCC_WARN_UNDECLARED_SELECTOR = YES;
				GCC_WARN_UNINITIALIZED_AUTOS = YES;
				GCC_WARN_UNUSED_FUNCTION = YES;
				GCC_WARN_UNUSED_VARIABLE = YES;
				IPHONEOS_DEPLOYMENT_TARGET = 7.0;
				ONLY_ACTIVE_ARCH = YES;
				SDKROOT = iphoneos;
				TARGETED_DEVICE_FAMILY = "1,2";
			};
			name = Debug;
		};
		07C6B04A18C1C29A009DC65A /* Release */ = {
			isa = XCBuildConfiguration;
			buildSettings = {
				ALWAYS_SEARCH_USER_PATHS = NO;
				CLANG_CXX_LANGUAGE_STANDARD = "gnu++0x";
				CLANG_CXX_LIBRARY = "libc++";
				CLANG_ENABLE_MODULES = YES;
				CLANG_ENABLE_OBJC_ARC = YES;
				CLANG_WARN_BOOL_CONVERSION = YES;
				CLANG_WARN_CONSTANT_CONVERSION = YES;
				CLANG_WARN_DIRECT_OBJC_ISA_USAGE = YES_ERROR;
				CLANG_WARN_EMPTY_BODY = YES;
				CLANG_WARN_ENUM_CONVERSION = YES;
				CLANG_WARN_INT_CONVERSION = YES;
				CLANG_WARN_OBJC_ROOT_CLASS = YES_ERROR;
				CLANG_WARN__DUPLICATE_METHOD_MATCH = YES;
				"CODE_SIGN_IDENTITY[sdk=iphoneos*]" = "iPhone Developer";
				COPY_PHASE_STRIP = YES;
				ENABLE_NS_ASSERTIONS = NO;
				GCC_C_LANGUAGE_STANDARD = gnu99;
				GCC_WARN_64_TO_32_BIT_CONVERSION = YES;
				GCC_WARN_ABOUT_RETURN_TYPE = YES_ERROR;
				GCC_WARN_UNDECLARED_SELECTOR = YES;
				GCC_WARN_UNINITIALIZED_AUTOS = YES;
				GCC_WARN_UNUSED_FUNCTION = YES;
				GCC_WARN_UNUSED_VARIABLE = YES;
				IPHONEOS_DEPLOYMENT_TARGET = 7.0;
				SDKROOT = iphoneos;
				TARGETED_DEVICE_FAMILY = "1,2";
				VALIDATE_PRODUCT = YES;
			};
			name = Release;
		};
		07C6B04C18C1C29A009DC65A /* Debug */ = {
			isa = XCBuildConfiguration;
			buildSettings = {
				ASSETCATALOG_COMPILER_APPICON_NAME = AppIcon;
				ASSETCATALOG_COMPILER_LAUNCHIMAGE_NAME = LaunchImage;
				CODE_SIGN_ENTITLEMENTS = Undercover/Undercover.entitlements;
				CODE_SIGN_IDENTITY = "iPhone Developer";
				"CODE_SIGN_IDENTITY[sdk=iphoneos*]" = "iPhone Developer";
				GCC_PRECOMPILE_PREFIX_HEADER = YES;
				GCC_PREFIX_HEADER = "Undercover/Undercover-Prefix.pch";
				INFOPLIST_FILE = "Undercover/Undercover-Info.plist";
				IPHONEOS_DEPLOYMENT_TARGET = 7.0;
				PRODUCT_NAME = "$(TARGET_NAME)";
				PROVISIONING_PROFILE = "";
				WRAPPER_EXTENSION = app;
			};
			name = Debug;
		};
		07C6B04D18C1C29A009DC65A /* Release */ = {
			isa = XCBuildConfiguration;
			buildSettings = {
				ASSETCATALOG_COMPILER_APPICON_NAME = AppIcon;
				ASSETCATALOG_COMPILER_LAUNCHIMAGE_NAME = LaunchImage;
				CODE_SIGN_ENTITLEMENTS = Undercover/Undercover.entitlements;
				CODE_SIGN_IDENTITY = "iPhone Developer";
				"CODE_SIGN_IDENTITY[sdk=iphoneos*]" = "iPhone Developer";
				GCC_PRECOMPILE_PREFIX_HEADER = YES;
				GCC_PREFIX_HEADER = "Undercover/Undercover-Prefix.pch";
				INFOPLIST_FILE = "Undercover/Undercover-Info.plist";
				IPHONEOS_DEPLOYMENT_TARGET = 7.0;
				PRODUCT_NAME = "$(TARGET_NAME)";
				PROVISIONING_PROFILE = "";
				WRAPPER_EXTENSION = app;
			};
			name = Release;
		};
		07C6B04F18C1C29A009DC65A /* Debug */ = {
			isa = XCBuildConfiguration;
			buildSettings = {
				BUNDLE_LOADER = "$(BUILT_PRODUCTS_DIR)/Undercover.app/Undercover";
				FRAMEWORK_SEARCH_PATHS = (
					"$(SDKROOT)/Developer/Library/Frameworks",
					"$(inherited)",
					"$(DEVELOPER_FRAMEWORKS_DIR)",
				);
				GCC_PRECOMPILE_PREFIX_HEADER = YES;
				GCC_PREFIX_HEADER = "Undercover/Undercover-Prefix.pch";
				GCC_PREPROCESSOR_DEFINITIONS = (
					"DEBUG=1",
					"$(inherited)",
				);
				INFOPLIST_FILE = "UndercoverTests/UndercoverTests-Info.plist";
				PRODUCT_NAME = "$(TARGET_NAME)";
				TEST_HOST = "$(BUNDLE_LOADER)";
				WRAPPER_EXTENSION = xctest;
			};
			name = Debug;
		};
		07C6B05018C1C29A009DC65A /* Release */ = {
			isa = XCBuildConfiguration;
			buildSettings = {
				BUNDLE_LOADER = "$(BUILT_PRODUCTS_DIR)/Undercover.app/Undercover";
				FRAMEWORK_SEARCH_PATHS = (
					"$(SDKROOT)/Developer/Library/Frameworks",
					"$(inherited)",
					"$(DEVELOPER_FRAMEWORKS_DIR)",
				);
				GCC_PRECOMPILE_PREFIX_HEADER = YES;
				GCC_PREFIX_HEADER = "Undercover/Undercover-Prefix.pch";
				INFOPLIST_FILE = "UndercoverTests/UndercoverTests-Info.plist";
				PRODUCT_NAME = "$(TARGET_NAME)";
				TEST_HOST = "$(BUNDLE_LOADER)";
				WRAPPER_EXTENSION = xctest;
			};
			name = Release;
		};
/* End XCBuildConfiguration section */

/* Begin XCConfigurationList section */
		07C6B01118C1C29A009DC65A /* Build configuration list for PBXProject "Undercover" */ = {
			isa = XCConfigurationList;
			buildConfigurations = (
				07C6B04918C1C29A009DC65A /* Debug */,
				07C6B04A18C1C29A009DC65A /* Release */,
			);
			defaultConfigurationIsVisible = 0;
			defaultConfigurationName = Release;
		};
		07C6B04B18C1C29A009DC65A /* Build configuration list for PBXNativeTarget "Undercover" */ = {
			isa = XCConfigurationList;
			buildConfigurations = (
				07C6B04C18C1C29A009DC65A /* Debug */,
				07C6B04D18C1C29A009DC65A /* Release */,
			);
			defaultConfigurationIsVisible = 0;
			defaultConfigurationName = Release;
		};
		07C6B04E18C1C29A009DC65A /* Build configuration list for PBXNativeTarget "UndercoverTests" */ = {
			isa = XCConfigurationList;
			buildConfigurations = (
				07C6B04F18C1C29A009DC65A /* Debug */,
				07C6B05018C1C29A009DC65A /* Release */,
			);
			defaultConfigurationIsVisible = 0;
			defaultConfigurationName = Release;
		};
/* End XCConfigurationList section */
	};
	rootObject = 07C6B00E18C1C29A009DC65A /* Project object */;
}
